<?xml version="1.0" encoding="utf-8"?>
<Project ToolsVersion="4.0" xmlns="http://schemas.microsoft.com/developer/msbuild/2003">
  <ItemGroup>
    <Filter Include="Quelldateien">
      <UniqueIdentifier>{4FC737F1-C7A5-4376-A066-2A32D752A2FF}</UniqueIdentifier>
      <Extensions>cpp;c;cc;cxx;def;odl;idl;hpj;bat;asm;asmx</Extensions>
    </Filter>
    <Filter Include="Headerdateien">
      <UniqueIdentifier>{93995380-89BD-4b04-88EB-625FBE52EBFB}</UniqueIdentifier>
      <Extensions>h;hpp;hxx;hm;inl;inc;xsd</Extensions>
    </Filter>
    <Filter Include="Ressourcendateien">
      <UniqueIdentifier>{67DA6AB6-F800-4c08-8B7A-83BB121AAD01}</UniqueIdentifier>
      <Extensions>rc;ico;cur;bmp;dlg;rc2;rct;bin;rgs;gif;jpg;jpeg;jpe;resx;tiff;tif;png;wav;mfcribbon-ms</Extensions>
    </Filter>
  </ItemGroup>
  <ItemGroup>
    <ClInclude Include="src\AbstractConsole.h">
      <Filter>Headerdateien</Filter>
    </ClInclude>
    <ClInclude Include="src\ActionListener.h">
      <Filter>Headerdateien</Filter>
    </ClInclude>
    <ClInclude Include="src\AutoSnake.h">
      <Filter>Headerdateien</Filter>
    </ClInclude>
    <ClInclude Include="src\Button.h">
      <Filter>Headerdateien</Filter>
    </ClInclude>
    <ClInclude Include="src\DBConsole.h">
      <Filter>Headerdateien</Filter>
    </ClInclude>
    <ClInclude Include="src\DeathMenu.h">
      <Filter>Headerdateien</Filter>
    </ClInclude>
    <ClInclude Include="src\Game.h">
      <Filter>Headerdateien</Filter>
    </ClInclude>
    <ClInclude Include="src\Gamerules.h">
      <Filter>Headerdateien</Filter>
    </ClInclude>
    <ClInclude Include="src\HealthPowerUp.h">
      <Filter>Headerdateien</Filter>
    </ClInclude>
    <ClInclude Include="src\Highscore.h">
      <Filter>Headerdateien</Filter>
    </ClInclude>
    <ClInclude Include="src\HPSpawnEffect.h">
      <Filter>Headerdateien</Filter>
    </ClInclude>
    <ClInclude Include="src\IntroMenu.h">
      <Filter>Headerdateien</Filter>
    </ClInclude>
    <ClInclude Include="src\Keycodes.h">
      <Filter>Headerdateien</Filter>
    </ClInclude>
    <ClInclude Include="src\Label.h">
      <Filter>Headerdateien</Filter>
    </ClInclude>
    <ClInclude Include="src\Level.h">
      <Filter>Headerdateien</Filter>
    </ClInclude>
    <ClInclude Include="src\LevelEffect.h">
      <Filter>Headerdateien</Filter>
    </ClInclude>
    <ClInclude Include="src\Menu.h">
      <Filter>Headerdateien</Filter>
    </ClInclude>
    <ClInclude Include="src\MenuDisplay.h">
      <Filter>Headerdateien</Filter>
    </ClInclude>
    <ClInclude Include="src\MenuElement.h">
      <Filter>Headerdateien</Filter>
    </ClInclude>
    <ClInclude Include="src\OGLConsole.h">
      <Filter>Headerdateien</Filter>
    </ClInclude>
    <ClInclude Include="src\PowerUp.h">
      <Filter>Headerdateien</Filter>
    </ClInclude>
    <ClInclude Include="src\PowerUpList.h">
      <Filter>Headerdateien</Filter>
    </ClInclude>
    <ClInclude Include="src\Snake.h">
      <Filter>Headerdateien</Filter>
    </ClInclude>
    <ClInclude Include="src\SnakeElement.h">
      <Filter>Headerdateien</Filter>
    </ClInclude>
    <ClInclude Include="src\WindowsConsole.h">
      <Filter>Headerdateien</Filter>
    </ClInclude>
  </ItemGroup>
  <ItemGroup>
    <ClCompile Include="src\ActionListener.cpp">
      <Filter>Quelldateien</Filter>
    </ClCompile>
    <ClCompile Include="src\AutoSnake.cpp">
      <Filter>Quelldateien</Filter>
    </ClCompile>
    <ClCompile Include="src\Button.cpp">
      <Filter>Quelldateien</Filter>
    </ClCompile>
    <ClCompile Include="src\DBConsole.cpp">
      <Filter>Quelldateien</Filter>
    </ClCompile>
    <ClCompile Include="src\DeathMenu.cpp">
      <Filter>Quelldateien</Filter>
    </ClCompile>
    <ClCompile Include="src\Game.cpp">
      <Filter>Quelldateien</Filter>
    </ClCompile>
    <ClCompile Include="src\HealthPowerUp.cpp">
      <Filter>Quelldateien</Filter>
    </ClCompile>
    <ClCompile Include="src\Highscore.cpp">
      <Filter>Quelldateien</Filter>
    </ClCompile>
    <ClCompile Include="src\HPSpawnEffect.cpp">
      <Filter>Quelldateien</Filter>
    </ClCompile>
    <ClCompile Include="src\IntroMenu.cpp">
      <Filter>Quelldateien</Filter>
    </ClCompile>
    <ClCompile Include="src\Label.cpp">
      <Filter>Quelldateien</Filter>
    </ClCompile>
    <ClCompile Include="src\Level.cpp">
      <Filter>Quelldateien</Filter>
    </ClCompile>
    <ClCompile Include="src\LevelEffect.cpp">
      <Filter>Quelldateien</Filter>
    </ClCompile>
    <ClCompile Include="src\Main.cpp">
      <Filter>Quelldateien</Filter>
    </ClCompile>
    <ClCompile Include="src\Menu.cpp">
      <Filter>Quelldateien</Filter>
    </ClCompile>
    <ClCompile Include="src\MenuDisplay.cpp">
      <Filter>Quelldateien</Filter>
    </ClCompile>
    <ClCompile Include="src\MenuElement.cpp">
      <Filter>Quelldateien</Filter>
    </ClCompile>
    <ClCompile Include="src\OGLConsole.cpp">
      <Filter>Quelldateien</Filter>
    </ClCompile>
    <ClCompile Include="src\PowerUp.cpp">
      <Filter>Quelldateien</Filter>
    </ClCompile>
    <ClCompile Include="src\PowerUpList.cpp">
      <Filter>Quelldateien</Filter>
    </ClCompile>
    <ClCompile Include="src\Snake.cpp">
      <Filter>Quelldateien</Filter>
    </ClCompile>
    <ClCompile Include="src\SnakeElement.cpp">
      <Filter>Quelldateien</Filter>
    </ClCompile>
    <ClCompile Include="src\WindowsConsole.cpp">
      <Filter>Quelldateien</Filter>
    </ClCompile>
  </ItemGroup>
  <ItemGroup>
    <Image Include="res\Font.png">
      <Filter>Ressourcendateien</Filter>
    </Image>
    <Image Include="res\Font.bmp">
      <Filter>Ressourcendateien</Filter>
    </Image>
    <Image Include="Font_1.bmp">
      <Filter>Ressourcendateien</Filter>
    </Image>
  </ItemGroup>
  <ItemGroup>
    <EmbeddedResource Include="Resource.resx">
      <Filter>Ressourcendateien</Filter>
    </EmbeddedResource>
  </ItemGroup>
</Project>